
Microsoft Visual Studio Solution File, Format Version 12.00
# Visual Studio Version 17
VisualStudioVersion = 17.3.32804.467
MinimumVisualStudioVersion = 10.0.40219.1
Project("{9A19103F-16F7-4668-BE54-9A1E7A4F7556}") = "Listings.API", "Listings.API\Listings.API.csproj", "{A2D858EC-3E92-45FA-A211-2BBB127A7CAF}"
EndProject
Project("{9A19103F-16F7-4668-BE54-9A1E7A4F7556}") = "Listings.Models", "Listings.Models\Listings.Models.csproj", "{BA6352EF-455F-4C0B-8862-455DECB142BE}"
EndProject
Project("{9A19103F-16F7-4668-BE54-9A1E7A4F7556}") = "Listings.Data", "Listings.Data\Listings.Data.csproj", "{1F2B0434-01B6-4CF8-B630-61602511EADB}"
EndProject
Project("{FAE04EC0-301F-11D3-BF4B-00C04F79EFBC}") = "Listings.Business", "Listings.Business\Listings.Business.csproj", "{62458A08-0AC3-4344-9E02-69CB8099C3B3}"
EndProject
Global
	GlobalSection(SolutionConfigurationPlatforms) = preSolution
		Debug|Any CPU = Debug|Any CPU
		Release|Any CPU = Release|Any CPU
	EndGlobalSection
	GlobalSection(ProjectConfigurationPlatforms) = postSolution
		{A2D858EC-3E92-45FA-A211-2BBB127A7CAF}.Debug|Any CPU.ActiveCfg = Debug|Any CPU
		{A2D858EC-3E92-45FA-A211-2BBB127A7CAF}.Debug|Any CPU.Build.0 = Debug|Any CPU
		{A2D858EC-3E92-45FA-A211-2BBB127A7CAF}.Release|Any CPU.ActiveCfg = Release|Any CPU
		{A2D858EC-3E92-45FA-A211-2BBB127A7CAF}.Release|Any CPU.Build.0 = Release|Any CPU
		{BA6352EF-455F-4C0B-8862-455DECB142BE}.Debug|Any CPU.ActiveCfg = Debug|Any CPU
		{BA6352EF-455F-4C0B-8862-455DECB142BE}.Debug|Any CPU.Build.0 = Debug|Any CPU
		{BA6352EF-455F-4C0B-8862-455DECB142BE}.Release|Any CPU.ActiveCfg = Release|Any CPU
		{BA6352EF-455F-4C0B-8862-455DECB142BE}.Release|Any CPU.Build.0 = Release|Any CPU
		{1F2B0434-01B6-4CF8-B630-61602511EADB}.Debug|Any CPU.ActiveCfg = Debug|Any CPU
		{1F2B0434-01B6-4CF8-B630-61602511EADB}.Debug|Any CPU.Build.0 = Debug|Any CPU
		{1F2B0434-01B6-4CF8-B630-61602511EADB}.Release|Any CPU.ActiveCfg = Release|Any CPU
		{1F2B0434-01B6-4CF8-B630-61602511EADB}.Release|Any CPU.Build.0 = Release|Any CPU
		{62458A08-0AC3-4344-9E02-69CB8099C3B3}.Debug|Any CPU.ActiveCfg = Debug|Any CPU
		{62458A08-0AC3-4344-9E02-69CB8099C3B3}.Debug|Any CPU.Build.0 = Debug|Any CPU
		{62458A08-0AC3-4344-9E02-69CB8099C3B3}.Release|Any CPU.ActiveCfg = Release|Any CPU
		{62458A08-0AC3-4344-9E02-69CB8099C3B3}.Release|Any CPU.Build.0 = Release|Any CPU
	EndGlobalSection
	GlobalSection(SolutionProperties) = preSolution
		HideSolutionNode = FALSE
	EndGlobalSection
	GlobalSection(ExtensibilityGlobals) = postSolution
		SolutionGuid = {FDC2664A-11E0-4BCE-8183-407DDCF82D4A}
	EndGlobalSection
EndGlobal
